
Microsoft Visual Studio Solution File, Format Version 12.00
# Visual Studio 15
VisualStudioVersion = 15.0.28307.136
MinimumVisualStudioVersion = 10.0.40219.1
Project("{FAE04EC0-301F-11D3-BF4B-00C04F79EFBC}") = "MonicaApplication", "MonicaApplication\MonicaApplication.csproj", "{8C281DB1-DB07-440F-9F33-F64607566CA0}"
EndProject
Global
	GlobalSection(SolutionConfigurationPlatforms) = preSolution
		Debug|Any CPU = Debug|Any CPU
		Release|Any CPU = Release|Any CPU
	EndGlobalSection
	GlobalSection(ProjectConfigurationPlatforms) = postSolution
		{8C281DB1-DB07-440F-9F33-F64607566CA0}.Debug|Any CPU.ActiveCfg = Debug|Any CPU
		{8C281DB1-DB07-440F-9F33-F64607566CA0}.Debug|Any CPU.Build.0 = Debug|Any CPU
		{8C281DB1-DB07-440F-9F33-F64607566CA0}.Release|Any CPU.ActiveCfg = Release|Any CPU
		{8C281DB1-DB07-440F-9F33-F64607566CA0}.Release|Any CPU.Build.0 = Release|Any CPU
	EndGlobalSection
	GlobalSection(SolutionProperties) = preSolution
		HideSolutionNode = FALSE
	EndGlobalSection
	GlobalSection(ExtensibilityGlobals) = postSolution
		SolutionGuid = {81F487E7-01CD-400C-BB7F-147EC0114D94}
	EndGlobalSection
EndGlobal
